
Microsoft Visual Studio Solution File, Format Version 12.00
# Visual Studio Version 17
VisualStudioVersion = 17.14.36310.24
MinimumVisualStudioVersion = 10.0.40219.1
Project("{FAE04EC0-301F-11D3-BF4B-00C04F79EFBC}") = "ClusterFlux.Quoting.API", "apps\ClusterFlux.Quoting.API\ClusterFlux.Quoting.API.csproj", "{B5EBBE4D-7BE9-4C14-8B0F-4896F92FA3C4}"
EndProject
Project("{2150E333-8FDC-42A3-9474-1A3956D46DE8}") = "apps", "apps", "{02EA681E-C7D8-13C7-8484-4AC65E1B71E8}"
EndProject
Project("{FAE04EC0-301F-11D3-BF4B-00C04F79EFBC}") = "ClusterFlux.QuoteWorkerService", "apps\ClusterFlux.QuoteWorkerService\ClusterFlux.QuoteWorkerService.csproj", "{1165684A-6B1C-4A07-9B8D-3B3F814D3237}"
EndProject
Project("{2150E333-8FDC-42A3-9474-1A3956D46DE8}") = "infra", "infra", "{681B62D8-1327-4B09-AB52-345BDD08779B}"
	ProjectSection(SolutionItems) = preProject
		infra\main.tf = infra\main.tf
		infra\outputs.tf = infra\outputs.tf
		infra\terraform.tfvars = infra\terraform.tfvars
		infra\variables.tf = infra\variables.tf
	EndProjectSection
EndProject
Project("{2150E333-8FDC-42A3-9474-1A3956D46DE8}") = "docs", "docs", "{CABDB92A-BBB7-48FF-9E70-E8644F5737D0}"
	ProjectSection(SolutionItems) = preProject
		docs\help.txt = docs\help.txt
	EndProjectSection
EndProject
Project("{2150E333-8FDC-42A3-9474-1A3956D46DE8}") = "scripts", "scripts", "{45792F6E-35F6-45A1-9D89-77B18A6ACAFB}"
	ProjectSection(SolutionItems) = preProject
		infra\scripts\provision-and-setup.sh = infra\scripts\provision-and-setup.sh
		infra\scripts\setup-k3s-cluster.sh = infra\scripts\setup-k3s-cluster.sh
	EndProjectSection
EndProject
Project("{2150E333-8FDC-42A3-9474-1A3956D46DE8}") = "k8s-manifests", "k8s-manifests", "{8EC462FD-D22E-90A8-E5CE-7E832BA40C5D}"
	ProjectSection(SolutionItems) = preProject
		k8s-manifests\aspnet-nodeport.yaml = k8s-manifests\aspnet-nodeport.yaml
		k8s-manifests\nginx-nodeport.yaml = k8s-manifests\nginx-nodeport.yaml
		k8s-manifests\web-demo.yaml = k8s-manifests\web-demo.yaml
	EndProjectSection
EndProject
Global
	GlobalSection(SolutionConfigurationPlatforms) = preSolution
		Debug|Any CPU = Debug|Any CPU
		Release|Any CPU = Release|Any CPU
	EndGlobalSection
	GlobalSection(ProjectConfigurationPlatforms) = postSolution
		{B5EBBE4D-7BE9-4C14-8B0F-4896F92FA3C4}.Debug|Any CPU.ActiveCfg = Debug|Any CPU
		{B5EBBE4D-7BE9-4C14-8B0F-4896F92FA3C4}.Debug|Any CPU.Build.0 = Debug|Any CPU
		{B5EBBE4D-7BE9-4C14-8B0F-4896F92FA3C4}.Release|Any CPU.ActiveCfg = Release|Any CPU
		{B5EBBE4D-7BE9-4C14-8B0F-4896F92FA3C4}.Release|Any CPU.Build.0 = Release|Any CPU
		{1165684A-6B1C-4A07-9B8D-3B3F814D3237}.Debug|Any CPU.ActiveCfg = Debug|Any CPU
		{1165684A-6B1C-4A07-9B8D-3B3F814D3237}.Debug|Any CPU.Build.0 = Debug|Any CPU
		{1165684A-6B1C-4A07-9B8D-3B3F814D3237}.Release|Any CPU.ActiveCfg = Release|Any CPU
		{1165684A-6B1C-4A07-9B8D-3B3F814D3237}.Release|Any CPU.Build.0 = Release|Any CPU
	EndGlobalSection
	GlobalSection(SolutionProperties) = preSolution
		HideSolutionNode = FALSE
	EndGlobalSection
	GlobalSection(NestedProjects) = preSolution
		{B5EBBE4D-7BE9-4C14-8B0F-4896F92FA3C4} = {02EA681E-C7D8-13C7-8484-4AC65E1B71E8}
		{1165684A-6B1C-4A07-9B8D-3B3F814D3237} = {02EA681E-C7D8-13C7-8484-4AC65E1B71E8}
		{45792F6E-35F6-45A1-9D89-77B18A6ACAFB} = {681B62D8-1327-4B09-AB52-345BDD08779B}
	EndGlobalSection
	GlobalSection(ExtensibilityGlobals) = postSolution
		SolutionGuid = {C1AF85EA-BE6B-48F2-8ACE-67B1C01984AD}
	EndGlobalSection
EndGlobal
